{
  "name": "doki-theme-discord",
  "version": "1.0.0",
  "lockfileVersion": 2,
  "requires": true,
  "packages": {
    "": {
      "name": "doki-theme-discord",
      "version": "1.0.0",
      "dependencies": {
        "colorjs.io": "^0.4.3",
        "file-ez": "^1.0.1"
      }
    },
    "node_modules/caller": {
      "version": "1.1.0",
      "resolved": "https://registry.npmjs.org/caller/-/caller-1.1.0.tgz",
      "integrity": "sha512-n+21IZC3j06YpCWaxmUy5AnVqhmCIM2bQtqQyy00HJlmStRt6kwDX5F9Z97pqwAB+G/tgSz6q/kUBbNyQzIubw=="
    },
    "node_modules/colorjs.io": {
      "version": "0.4.3",
      "resolved": "https://registry.npmjs.org/colorjs.io/-/colorjs.io-0.4.3.tgz",
      "integrity": "sha512-Jr6NiWFZCuSECl23Bhe4jvDldQsE0ErnWrdl3xIUFy+Bkp0l8r5qt/iZlNH47/xxGP5izcyC8InjoUoI4Po+Pg=="
    },
    "node_modules/file-ez": {
      "version": "1.0.2",
      "resolved": "https://registry.npmjs.org/file-ez/-/file-ez-1.0.2.tgz",
      "integrity": "sha512-heEOCCRsYmg1FqdPtbo2Udy2dk457PCbvJLq4ySNwZe/chMfXpxZhgJ0JfqIgtNgqjTRI9/J1eJG8NheC9+ZqA==",
      "dependencies": {
        "caller": "^1.1.0"
      }
    }
  },
  "dependencies": {
    "caller": {
      "version": "1.1.0",
      "resolved": "https://registry.npmjs.org/caller/-/caller-1.1.0.tgz",
      "integrity": "sha512-n+21IZC3j06YpCWaxmUy5AnVqhmCIM2bQtqQyy00HJlmStRt6kwDX5F9Z97pqwAB+G/tgSz6q/kUBbNyQzIubw=="
    },
    "colorjs.io": {
      "version": "0.4.3",
      "resolved": "https://registry.npmjs.org/colorjs.io/-/colorjs.io-0.4.3.tgz",
      "integrity": "sha512-Jr6NiWFZCuSECl23Bhe4jvDldQsE0ErnWrdl3xIUFy+Bkp0l8r5qt/iZlNH47/xxGP5izcyC8InjoUoI4Po+Pg=="
    },
    "file-ez": {
      "version": "1.0.2",
      "resolved": "https://registry.npmjs.org/file-ez/-/file-ez-1.0.2.tgz",
      "integrity": "sha512-heEOCCRsYmg1FqdPtbo2Udy2dk457PCbvJLq4ySNwZe/chMfXpxZhgJ0JfqIgtNgqjTRI9/J1eJG8NheC9+ZqA==",
      "requires": {
        "caller": "^1.1.0"
      }
    }
  }
}
